
Microsoft Visual Studio Solution File, Format Version 12.00
# Visual Studio Version 17
VisualStudioVersion = 17.7.34031.279
MinimumVisualStudioVersion = 10.0.40219.1
Project("{888888A0-9F3D-457C-B088-3A5042F75D52}") = "Practica3Python", "Practica3Python\Practica3Python.pyproj", "{020FC3E1-C7F8-4842-B3BA-C8FFD0936A30}"
EndProject
Global
	GlobalSection(SolutionConfigurationPlatforms) = preSolution
		Debug|Any CPU = Debug|Any CPU
		Release|Any CPU = Release|Any CPU
	EndGlobalSection
	GlobalSection(ProjectConfigurationPlatforms) = postSolution
		{020FC3E1-C7F8-4842-B3BA-C8FFD0936A30}.Debug|Any CPU.ActiveCfg = Debug|Any CPU
		{020FC3E1-C7F8-4842-B3BA-C8FFD0936A30}.Release|Any CPU.ActiveCfg = Release|Any CPU
	EndGlobalSection
	GlobalSection(SolutionProperties) = preSolution
		HideSolutionNode = FALSE
	EndGlobalSection
	GlobalSection(ExtensibilityGlobals) = postSolution
		SolutionGuid = {6C0A4343-1708-4CAE-9E30-F23617B9D594}
	EndGlobalSection
EndGlobal
